{
  "name": "ventcubecontrol",
  "version": "0.0.0",
  "lockfileVersion": 1,
  "requires": true,
  "dependencies": {
    "@iobroker/adapter-core": {
      "version": "1.0.3",
      "resolved": "https://registry.npmjs.org/@iobroker/adapter-core/-/adapter-core-1.0.3.tgz",
      "integrity": "sha512-qsTdSDKgu5WXXQpNTUCuCa/CQYuy1oiSSRT5RJuNhGFtArp2E3hNRB3l/idQEV9FYOL2myKJSVk25sBXKgvF6A==",
      "requires": {
        "@types/iobroker": "^1.4.3"
      }
    },
    "@types/iobroker": {
      "version": "1.4.13",
      "resolved": "https://registry.npmjs.org/@types/iobroker/-/iobroker-1.4.13.tgz",
      "integrity": "sha512-0tvT8EBw/r2Pwl9ikOCHnnqcTBRs5EM71kIC41AJv+Qckj1Gfa+5qPsgAwyHhK1LbO6HY5XxYryM1uau3snwfg==",
      "requires": {
        "@types/node": "*"
      }
    },
    "@types/node": {
      "version": "8.10.54",
      "resolved": "https://registry.npmjs.org/@types/node/-/node-8.10.54.tgz",
      "integrity": "sha512-kaYyLYf6ICn6/isAyD4K1MyWWd5Q3JgH6bnMN089LUx88+s4W8GvK9Q6JMBVu5vsFFp7pMdSxdKmlBXwH/VFRg=="
    },
    "@types/ws": {
      "version": "6.0.3",
      "resolved": "https://registry.npmjs.org/@types/ws/-/ws-6.0.3.tgz",
      "integrity": "sha512-yBTM0P05Tx9iXGq00BbJPo37ox68R5vaGTXivs6RGh/BQ6QP5zqZDGWdAO6JbRE/iR1l80xeGAwCQS2nMV9S/w==",
      "dev": true,
      "requires": {
        "@types/node": "*"
      }
    },
    "typescript": {
      "version": "3.6.3",
      "resolved": "https://registry.npmjs.org/typescript/-/typescript-3.6.3.tgz",
      "integrity": "sha512-N7bceJL1CtRQ2RiG0AQME13ksR7DiuQh/QehubYcghzv20tnh+MQnQIuJddTmsbqYj+dztchykemz0zFzlvdQw==",
      "dev": true
    }
  }
}
