{
  "name": "autovent",
  "version": "0.1.0",
  "lockfileVersion": 1,
  "requires": true,
  "dependencies": {
    "@iobroker/adapter-core": {
      "version": "2.5.0",
      "resolved": "https://registry.npmjs.org/@iobroker/adapter-core/-/adapter-core-2.5.0.tgz",
      "integrity": "sha512-4KY549r09Dnw8Ywdg1a3RKlpzCyTgQz7ASCTNVb3Sg6KZLT+50GDACsdO/pZaRPzhR+1JKOHEu+67bV/mDDDUg==",
      "requires": {
        "@types/iobroker": "^3.3.0"
      }
    },
    "@types/iobroker": {
      "version": "3.3.0",
      "resolved": "https://registry.npmjs.org/@types/iobroker/-/iobroker-3.3.0.tgz",
      "integrity": "sha512-pgdTtQFo1cb55fWov2DCrpBEnZwoSfvHLiQcGx3Dg447bFjPLsD9ch1Zvf9TekK/S6uBbo3W6AvaKIzAPO0jZQ==",
      "requires": {
        "@types/node": "*"
      }
    },
    "@types/node": {
      "version": "8.10.54",
      "resolved": "https://registry.npmjs.org/@types/node/-/node-8.10.54.tgz",
      "integrity": "sha512-kaYyLYf6ICn6/isAyD4K1MyWWd5Q3JgH6bnMN089LUx88+s4W8GvK9Q6JMBVu5vsFFp7pMdSxdKmlBXwH/VFRg=="
    },
    "@types/ws": {
      "version": "6.0.4",
      "resolved": "https://registry.npmjs.org/@types/ws/-/ws-6.0.4.tgz",
      "integrity": "sha512-PpPrX7SZW9re6+Ha8ojZG4Se8AZXgf0GK6zmfqEuCsY49LFDNXO3SByp44X3dFEqtB73lkCDAdUazhAjVPiNwg==",
      "dev": true,
      "requires": {
        "@types/node": "*"
      }
    },
    "tsc": {
      "version": "2.0.3",
      "resolved": "https://registry.npmjs.org/tsc/-/tsc-2.0.3.tgz",
      "integrity": "sha512-SN+9zBUtrpUcOpaUO7GjkEHgWtf22c7FKbKCA4e858eEM7Qz86rRDpgOU2lBIDf0fLCsEg65ms899UMUIB2+Ow=="
    },
    "typescript": {
      "version": "4.3.2",
      "resolved": "https://registry.npmjs.org/typescript/-/typescript-4.3.2.tgz",
      "integrity": "sha512-zZ4hShnmnoVnAHpVHWpTcxdv7dWP60S2FsydQLV8V5PbS3FifjWFFRiHSWpDJahly88PRyV5teTSLoq4eG7mKw==",
      "dev": true
    }
  }
}
